
Microsoft Visual Studio Solution File, Format Version 12.00
# Visual Studio Version 16
VisualStudioVersion = 16.0.29920.165
MinimumVisualStudioVersion = 10.0.40219.1
Project("{9A19103F-16F7-4668-BE54-9A1E7A4F7556}") = "IdentityMicroservice", "IdentityMicroservice\IdentityMicroservice.csproj", "{5A06A486-9705-41D0-BDB5-6D786B44701F}"
EndProject
Project("{FAE04EC0-301F-11D3-BF4B-00C04F79EFBC}") = "TestApiResource", "TestApiResource\TestApiResource.csproj", "{FB69554F-E25D-488C-9B87-339B4169D2AA}"
EndProject
Global
	GlobalSection(SolutionConfigurationPlatforms) = preSolution
		Debug|Any CPU = Debug|Any CPU
		Release|Any CPU = Release|Any CPU
	EndGlobalSection
	GlobalSection(ProjectConfigurationPlatforms) = postSolution
		{5A06A486-9705-41D0-BDB5-6D786B44701F}.Debug|Any CPU.ActiveCfg = Debug|Any CPU
		{5A06A486-9705-41D0-BDB5-6D786B44701F}.Debug|Any CPU.Build.0 = Debug|Any CPU
		{5A06A486-9705-41D0-BDB5-6D786B44701F}.Release|Any CPU.ActiveCfg = Release|Any CPU
		{5A06A486-9705-41D0-BDB5-6D786B44701F}.Release|Any CPU.Build.0 = Release|Any CPU
		{FB69554F-E25D-488C-9B87-339B4169D2AA}.Debug|Any CPU.ActiveCfg = Debug|Any CPU
		{FB69554F-E25D-488C-9B87-339B4169D2AA}.Debug|Any CPU.Build.0 = Debug|Any CPU
		{FB69554F-E25D-488C-9B87-339B4169D2AA}.Release|Any CPU.ActiveCfg = Release|Any CPU
		{FB69554F-E25D-488C-9B87-339B4169D2AA}.Release|Any CPU.Build.0 = Release|Any CPU
	EndGlobalSection
	GlobalSection(SolutionProperties) = preSolution
		HideSolutionNode = FALSE
	EndGlobalSection
	GlobalSection(ExtensibilityGlobals) = postSolution
		SolutionGuid = {B6714414-6EBE-46D1-BFA6-0A40BCD8BD4A}
	EndGlobalSection
EndGlobal
